
Microsoft Visual Studio Solution File, Format Version 12.00
# Visual Studio Version 16
VisualStudioVersion = 16.0.30621.155
MinimumVisualStudioVersion = 10.0.40219.1
Project("{2150E333-8FDC-42A3-9474-1A3956D46DE8}") = "Domain", "Domain", "{2D173222-69E2-409F-91D8-0533D9539049}"
EndProject
Project("{2150E333-8FDC-42A3-9474-1A3956D46DE8}") = "Infrastructure", "Infrastructure", "{9DE6430F-7BB4-4869-B3AE-1F630415B6B8}"
EndProject
Project("{2150E333-8FDC-42A3-9474-1A3956D46DE8}") = "Dal", "Dal", "{D8D4CEA8-62EF-4915-9EAC-AA708E876365}"
EndProject
Project("{2150E333-8FDC-42A3-9474-1A3956D46DE8}") = "Web", "Web", "{AD6487DA-87B5-40C7-8039-0672E801D391}"
EndProject
Project("{9A19103F-16F7-4668-BE54-9A1E7A4F7556}") = "WrinkMe.Web", "WrinkMe.Web\WrinkMe.Web.csproj", "{1BFD6B93-C703-4144-B755-FDDDA928E789}"
EndProject
Project("{9A19103F-16F7-4668-BE54-9A1E7A4F7556}") = "WrinkMe.Domain", "WrinkMe.Domain\WrinkMe.Domain.csproj", "{D7D5063A-5DCF-4670-A734-0AEC883BFBDE}"
EndProject
Project("{2150E333-8FDC-42A3-9474-1A3956D46DE8}") = "Business", "Business", "{CA3D1CB0-0193-49B5-98EA-E4C7E6AA6C74}"
EndProject
Project("{9A19103F-16F7-4668-BE54-9A1E7A4F7556}") = "WrinkMe.Services", "WrinkMe.Services\WrinkMe.Services.csproj", "{1054E697-0516-4E6F-9D8D-979DBF996BD7}"
EndProject
Global
	GlobalSection(SolutionConfigurationPlatforms) = preSolution
		Debug|Any CPU = Debug|Any CPU
		Release|Any CPU = Release|Any CPU
	EndGlobalSection
	GlobalSection(ProjectConfigurationPlatforms) = postSolution
		{1BFD6B93-C703-4144-B755-FDDDA928E789}.Debug|Any CPU.ActiveCfg = Debug|Any CPU
		{1BFD6B93-C703-4144-B755-FDDDA928E789}.Debug|Any CPU.Build.0 = Debug|Any CPU
		{1BFD6B93-C703-4144-B755-FDDDA928E789}.Release|Any CPU.ActiveCfg = Release|Any CPU
		{1BFD6B93-C703-4144-B755-FDDDA928E789}.Release|Any CPU.Build.0 = Release|Any CPU
		{D7D5063A-5DCF-4670-A734-0AEC883BFBDE}.Debug|Any CPU.ActiveCfg = Debug|Any CPU
		{D7D5063A-5DCF-4670-A734-0AEC883BFBDE}.Debug|Any CPU.Build.0 = Debug|Any CPU
		{D7D5063A-5DCF-4670-A734-0AEC883BFBDE}.Release|Any CPU.ActiveCfg = Release|Any CPU
		{D7D5063A-5DCF-4670-A734-0AEC883BFBDE}.Release|Any CPU.Build.0 = Release|Any CPU
		{1054E697-0516-4E6F-9D8D-979DBF996BD7}.Debug|Any CPU.ActiveCfg = Debug|Any CPU
		{1054E697-0516-4E6F-9D8D-979DBF996BD7}.Debug|Any CPU.Build.0 = Debug|Any CPU
		{1054E697-0516-4E6F-9D8D-979DBF996BD7}.Release|Any CPU.ActiveCfg = Release|Any CPU
		{1054E697-0516-4E6F-9D8D-979DBF996BD7}.Release|Any CPU.Build.0 = Release|Any CPU
	EndGlobalSection
	GlobalSection(SolutionProperties) = preSolution
		HideSolutionNode = FALSE
	EndGlobalSection
	GlobalSection(NestedProjects) = preSolution
		{1BFD6B93-C703-4144-B755-FDDDA928E789} = {AD6487DA-87B5-40C7-8039-0672E801D391}
		{D7D5063A-5DCF-4670-A734-0AEC883BFBDE} = {2D173222-69E2-409F-91D8-0533D9539049}
		{1054E697-0516-4E6F-9D8D-979DBF996BD7} = {CA3D1CB0-0193-49B5-98EA-E4C7E6AA6C74}
	EndGlobalSection
	GlobalSection(ExtensibilityGlobals) = postSolution
		SolutionGuid = {FFC045B8-9050-421F-B429-05D187529904}
	EndGlobalSection
EndGlobal
